# This file is autogenerated, do not edit; changes may be undone by the next 'dep ensure'.


[[projects]]
  branch = "master"
  name = "github.com/AdrianLungu/decimal"
  packages = ["."]
  revision = "9d980d3d4d0342c1f0d300a4c6f2d5659f305dd5"

[[projects]]
  name = "github.com/fatih/structs"
  packages = ["."]
  revision = "4966fc68f5b7593aafa6cbbba2d65ec6e1416047"
  version = "v1.1.0"

[[projects]]
  name = "github.com/mitchellh/mapstructure"
  packages = ["."]
  revision = "3536a929edddb9a5b34bd6861dc4a9647cb459fe"
  version = "v1.1.2"

[[projects]]
  name = "github.com/pkg/errors"
  packages = ["."]
  revision = "645ef00459ed84a119197bfb8d8205042c6df63d"
  version = "v0.8.0"

[solve-meta]
  analyzer-name = "dep"
  analyzer-version = 1
  inputs-digest = "a0e9ca9fceea3a82edb791cd58cb4c951b3be37bdbfa1588a344be7e8bec0e52"
  solver-name = "gps-cdcl"
  solver-version = 1
